
Microsoft Visual Studio Solution File, Format Version 12.00
# Visual Studio Version 16
VisualStudioVersion = 16.0.30011.22
MinimumVisualStudioVersion = 10.0.40219.1
Project("{9A19103F-16F7-4668-BE54-9A1E7A4F7556}") = "Swashbuckle.AspNetCore.SwaggerUI.Standalone", "src\Swashbuckle.AspNetCore.SwaggerUI.Standalone\Swashbuckle.AspNetCore.SwaggerUI.Standalone.csproj", "{0EAF8456-7046-4E8E-B1C0-215AE0C98ECF}"
EndProject
Project("{9A19103F-16F7-4668-BE54-9A1E7A4F7556}") = "AzureFunctionsV3.Sample", "src\AzureFunctionsV3.Sample\AzureFunctionsV3.Sample.csproj", "{29A7FC47-75E2-4779-84D9-19B189DF965B}"
EndProject
Global
	GlobalSection(SolutionConfigurationPlatforms) = preSolution
		Debug|Any CPU = Debug|Any CPU
		Release|Any CPU = Release|Any CPU
	EndGlobalSection
	GlobalSection(ProjectConfigurationPlatforms) = postSolution
		{0EAF8456-7046-4E8E-B1C0-215AE0C98ECF}.Debug|Any CPU.ActiveCfg = Debug|Any CPU
		{0EAF8456-7046-4E8E-B1C0-215AE0C98ECF}.Debug|Any CPU.Build.0 = Debug|Any CPU
		{0EAF8456-7046-4E8E-B1C0-215AE0C98ECF}.Release|Any CPU.ActiveCfg = Release|Any CPU
		{0EAF8456-7046-4E8E-B1C0-215AE0C98ECF}.Release|Any CPU.Build.0 = Release|Any CPU
		{29A7FC47-75E2-4779-84D9-19B189DF965B}.Debug|Any CPU.ActiveCfg = Debug|Any CPU
		{29A7FC47-75E2-4779-84D9-19B189DF965B}.Debug|Any CPU.Build.0 = Debug|Any CPU
		{29A7FC47-75E2-4779-84D9-19B189DF965B}.Release|Any CPU.ActiveCfg = Release|Any CPU
		{29A7FC47-75E2-4779-84D9-19B189DF965B}.Release|Any CPU.Build.0 = Release|Any CPU
	EndGlobalSection
	GlobalSection(SolutionProperties) = preSolution
		HideSolutionNode = FALSE
	EndGlobalSection
	GlobalSection(ExtensibilityGlobals) = postSolution
		SolutionGuid = {89AA2522-3BC6-44B6-B43F-34DB61DDFC57}
	EndGlobalSection
EndGlobal
